
Microsoft Visual Studio Solution File, Format Version 12.00
# Visual Studio Version 16
VisualStudioVersion = 25.0.1705.4
MinimumVisualStudioVersion = 10.0.40219.1
Project("{FAE04EC0-301F-11D3-BF4B-00C04F79EFBC}") = "EasyShoes_TGBot", "EasyShoes_TGBot\EasyShoes_TGBot.csproj", "{1458EE34-4CBE-4B23-A680-573695D4269A}"
EndProject
Project("{2150E333-8FDC-42A3-9474-1A3956D46DE8}") = "Solution Items", "Solution Items", "{14CE9002-7588-41AD-B5B9-90CCC491C973}"
	ProjectSection(SolutionItems) = preProject
		README.MD = README.MD
	EndProjectSection
EndProject
Global
	GlobalSection(SolutionConfigurationPlatforms) = preSolution
		Debug|Any CPU = Debug|Any CPU
		Release|Any CPU = Release|Any CPU
	EndGlobalSection
	GlobalSection(ProjectConfigurationPlatforms) = postSolution
		{1458EE34-4CBE-4B23-A680-573695D4269A}.Debug|Any CPU.ActiveCfg = Debug|Any CPU
		{1458EE34-4CBE-4B23-A680-573695D4269A}.Debug|Any CPU.Build.0 = Debug|Any CPU
		{1458EE34-4CBE-4B23-A680-573695D4269A}.Release|Any CPU.ActiveCfg = Release|Any CPU
		{1458EE34-4CBE-4B23-A680-573695D4269A}.Release|Any CPU.Build.0 = Release|Any CPU
	EndGlobalSection
	GlobalSection(SolutionProperties) = preSolution
		HideSolutionNode = FALSE
	EndGlobalSection
	GlobalSection(ExtensibilityGlobals) = postSolution
		SolutionGuid = {14A9F4D7-B7D9-4C81-B222-07F06AC51F69}
	EndGlobalSection
EndGlobal
